
Microsoft Visual Studio Solution File, Format Version 12.00
Project("{FAE04EC0-301F-11D3-BF4B-00C04F79EFBC}") = "AdvancedGraphics", "AdvancedGraphics\AdvancedGraphics.csproj", "{215975E8-1954-4317-90CD-7E8063B6B8E4}"
EndProject
Global
	GlobalSection(SolutionConfigurationPlatforms) = preSolution
		Debug|Any CPU = Debug|Any CPU
		Release|Any CPU = Release|Any CPU
	EndGlobalSection
	GlobalSection(ProjectConfigurationPlatforms) = postSolution
		{215975E8-1954-4317-90CD-7E8063B6B8E4}.Debug|Any CPU.ActiveCfg = Debug|Any CPU
		{215975E8-1954-4317-90CD-7E8063B6B8E4}.Debug|Any CPU.Build.0 = Debug|Any CPU
		{215975E8-1954-4317-90CD-7E8063B6B8E4}.Release|Any CPU.ActiveCfg = Release|Any CPU
		{215975E8-1954-4317-90CD-7E8063B6B8E4}.Release|Any CPU.Build.0 = Release|Any CPU
	EndGlobalSection
EndGlobal
