
Microsoft Visual Studio Solution File, Format Version 12.00
# Visual Studio Version 17
VisualStudioVersion = 17.1.32421.90
MinimumVisualStudioVersion = 10.0.40219.1
Project("{FAE04EC0-301F-11D3-BF4B-00C04F79EFBC}") = "Lab3", "Lab3\Lab3.csproj", "{074D8D58-EBAF-4EFE-951B-D8F47331F6A9}"
EndProject
Global
	GlobalSection(SolutionConfigurationPlatforms) = preSolution
		Debug|Any CPU = Debug|Any CPU
		Release|Any CPU = Release|Any CPU
	EndGlobalSection
	GlobalSection(ProjectConfigurationPlatforms) = postSolution
		{074D8D58-EBAF-4EFE-951B-D8F47331F6A9}.Debug|Any CPU.ActiveCfg = Debug|Any CPU
		{074D8D58-EBAF-4EFE-951B-D8F47331F6A9}.Debug|Any CPU.Build.0 = Debug|Any CPU
		{074D8D58-EBAF-4EFE-951B-D8F47331F6A9}.Release|Any CPU.ActiveCfg = Release|Any CPU
		{074D8D58-EBAF-4EFE-951B-D8F47331F6A9}.Release|Any CPU.Build.0 = Release|Any CPU
	EndGlobalSection
	GlobalSection(SolutionProperties) = preSolution
		HideSolutionNode = FALSE
	EndGlobalSection
	GlobalSection(ExtensibilityGlobals) = postSolution
		SolutionGuid = {CC396988-D456-4698-9BAD-AF0A2335C13F}
	EndGlobalSection
EndGlobal
